// !$*UTF8*$!
{
	archiveVersion = 1;
	classes = {
	};
	objectVersion = 52;
	objects = {

/* Begin PBXBuildFile section */
		79CDC04D25BC4A5300DE30D3 /* newsAppApp.swift in Sources */ = {isa = PBXBuildFile; fileRef = 79CDC04C25BC4A5300DE30D3 /* newsAppApp.swift */; };
		79CDC04F25BC4A5300DE30D3 /* ContentView.swift in Sources */ = {isa = PBXBuildFile; fileRef = 79CDC04E25BC4A5300DE30D3 /* ContentView.swift */; };
		79CDC05125BC4A5900DE30D3 /* Assets.xcassets in Resources */ = {isa = PBXBuildFile; fileRef = 79CDC05025BC4A5900DE30D3 /* Assets.xcassets */; };
		79CDC05425BC4A5900DE30D3 /* Preview Assets.xcassets in Resources */ = {isa = PBXBuildFile; fileRef = 79CDC05325BC4A5900DE30D3 /* Preview Assets.xcassets */; };
		79CDC06425BC563200DE30D3 /* NewsRow.swift in Sources */ = {isa = PBXBuildFile; fileRef = 79CDC06325BC563200DE30D3 /* NewsRow.swift */; };
		79CDC06925BC5A6400DE30D3 /* NewsList.swift in Sources */ = {isa = PBXBuildFile; fileRef = 79CDC06825BC5A6400DE30D3 /* NewsList.swift */; };
		79CDC07625BC872C00DE30D3 /* NewsDetail.swift in Sources */ = {isa = PBXBuildFile; fileRef = 79CDC07525BC872C00DE30D3 /* NewsDetail.swift */; };
		79CDC07A25BCA85300DE30D3 /* NewsResponse.json in Resources */ = {isa = PBXBuildFile; fileRef = 79CDC07925BCA85300DE30D3 /* NewsResponse.json */; };
		79CDC08D25BCBB0C00DE30D3 /* NewsService.swift in Sources */ = {isa = PBXBuildFile; fileRef = 79CDC08C25BCBB0C00DE30D3 /* NewsService.swift */; };
		79CDC09125BCC95A00DE30D3 /* API.swift in Sources */ = {isa = PBXBuildFile; fileRef = 79CDC09025BCC95A00DE30D3 /* API.swift */; };
		79CDC09A25BCDDC100DE30D3 /* URLImage in Frameworks */ = {isa = PBXBuildFile; productRef = 79CDC09925BCDDC100DE30D3 /* URLImage */; };
/* End PBXBuildFile section */

/* Begin PBXFileReference section */
		79CDC04925BC4A5300DE30D3 /* newsApp.app */ = {isa = PBXFileReference; explicitFileType = wrapper.application; includeInIndex = 0; path = newsApp.app; sourceTree = BUILT_PRODUCTS_DIR; };
		79CDC04C25BC4A5300DE30D3 /* newsAppApp.swift */ = {isa = PBXFileReference; lastKnownFileType = sourcecode.swift; path = newsAppApp.swift; sourceTree = "<group>"; };
		79CDC04E25BC4A5300DE30D3 /* ContentView.swift */ = {isa = PBXFileReference; lastKnownFileType = sourcecode.swift; path = ContentView.swift; sourceTree = "<group>"; };
		79CDC05025BC4A5900DE30D3 /* Assets.xcassets */ = {isa = PBXFileReference; lastKnownFileType = folder.assetcatalog; path = Assets.xcassets; sourceTree = "<group>"; };
		79CDC05325BC4A5900DE30D3 /* Preview Assets.xcassets */ = {isa = PBXFileReference; lastKnownFileType = folder.assetcatalog; path = "Preview Assets.xcassets"; sourceTree = "<group>"; };
		79CDC05525BC4A5900DE30D3 /* Info.plist */ = {isa = PBXFileReference; lastKnownFileType = text.plist.xml; path = Info.plist; sourceTree = "<group>"; };
		79CDC06325BC563200DE30D3 /* NewsRow.swift */ = {isa = PBXFileReference; lastKnownFileType = sourcecode.swift; path = NewsRow.swift; sourceTree = "<group>"; };
		79CDC06825BC5A6400DE30D3 /* NewsList.swift */ = {isa = PBXFileReference; lastKnownFileType = sourcecode.swift; path = NewsList.swift; sourceTree = "<group>"; };
		79CDC07525BC872C00DE30D3 /* NewsDetail.swift */ = {isa = PBXFileReference; lastKnownFileType = sourcecode.swift; path = NewsDetail.swift; sourceTree = "<group>"; };
		79CDC07925BCA85300DE30D3 /* NewsResponse.json */ = {isa = PBXFileReference; lastKnownFileType = text.json; path = NewsResponse.json; sourceTree = "<group>"; };
		79CDC08C25BCBB0C00DE30D3 /* NewsService.swift */ = {isa = PBXFileReference; lastKnownFileType = sourcecode.swift; path = NewsService.swift; sourceTree = "<group>"; };
		79CDC09025BCC95A00DE30D3 /* API.swift */ = {isa = PBXFileReference; fileEncoding = 4; lastKnownFileType = sourcecode.swift; path = API.swift; sourceTree = "<group>"; };
/* End PBXFileReference section */

/* Begin PBXFrameworksBuildPhase section */
		79CDC04625BC4A5300DE30D3 /* Frameworks */ = {
			isa = PBXFrameworksBuildPhase;
			buildActionMask = 2147483647;
			files = (
				79CDC09A25BCDDC100DE30D3 /* URLImage in Frameworks */,
			);
			runOnlyForDeploymentPostprocessing = 0;
		};
/* End PBXFrameworksBuildPhase section */

/* Begin PBXGroup section */
		79CDC04025BC4A5200DE30D3 = {
			isa = PBXGroup;
			children = (
				79CDC04B25BC4A5300DE30D3 /* newsApp */,
				79CDC04A25BC4A5300DE30D3 /* Products */,
			);
			sourceTree = "<group>";
		};
		79CDC04A25BC4A5300DE30D3 /* Products */ = {
			isa = PBXGroup;
			children = (
				79CDC04925BC4A5300DE30D3 /* newsApp.app */,
			);
			name = Products;
			sourceTree = "<group>";
		};
		79CDC04B25BC4A5300DE30D3 /* newsApp */ = {
			isa = PBXGroup;
			children = (
				79CDC07825BCA82D00DE30D3 /* Resources */,
				79CDC06C25BC5CB800DE30D3 /* Model */,
				79CDC05C25BC556B00DE30D3 /* View */,
				79CDC04C25BC4A5300DE30D3 /* newsAppApp.swift */,
				79CDC04E25BC4A5300DE30D3 /* ContentView.swift */,
				79CDC05025BC4A5900DE30D3 /* Assets.xcassets */,
				79CDC05525BC4A5900DE30D3 /* Info.plist */,
				79CDC05225BC4A5900DE30D3 /* Preview Content */,
			);
			path = newsApp;
			sourceTree = "<group>";
		};
		79CDC05225BC4A5900DE30D3 /* Preview Content */ = {
			isa = PBXGroup;
			children = (
				79CDC05325BC4A5900DE30D3 /* Preview Assets.xcassets */,
			);
			path = "Preview Content";
			sourceTree = "<group>";
		};
		79CDC05C25BC556B00DE30D3 /* View */ = {
			isa = PBXGroup;
			children = (
				79CDC06325BC563200DE30D3 /* NewsRow.swift */,
				79CDC06825BC5A6400DE30D3 /* NewsList.swift */,
				79CDC07525BC872C00DE30D3 /* NewsDetail.swift */,
			);
			path = View;
			sourceTree = "<group>";
		};
		79CDC06C25BC5CB800DE30D3 /* Model */ = {
			isa = PBXGroup;
			children = (
				79CDC08C25BCBB0C00DE30D3 /* NewsService.swift */,
			);
			path = Model;
			sourceTree = "<group>";
		};
		79CDC07825BCA82D00DE30D3 /* Resources */ = {
			isa = PBXGroup;
			children = (
				79CDC09025BCC95A00DE30D3 /* API.swift */,
				79CDC07925BCA85300DE30D3 /* NewsResponse.json */,
			);
			path = Resources;
			sourceTree = "<group>";
		};
/* End PBXGroup section */

/* Begin PBXNativeTarget section */
		79CDC04825BC4A5300DE30D3 /* newsApp */ = {
			isa = PBXNativeTarget;
			buildConfigurationList = 79CDC05825BC4A5900DE30D3 /* Build configuration list for PBXNativeTarget "newsApp" */;
			buildPhases = (
				79CDC04525BC4A5300DE30D3 /* Sources */,
				79CDC04625BC4A5300DE30D3 /* Frameworks */,
				79CDC04725BC4A5300DE30D3 /* Resources */,
			);
			buildRules = (
			);
			dependencies = (
			);
			name = newsApp;
			packageProductDependencies = (
				79CDC09925BCDDC100DE30D3 /* URLImage */,
			);
			productName = newsApp;
			productReference = 79CDC04925BC4A5300DE30D3 /* newsApp.app */;
			productType = "com.apple.product-type.application";
		};
/* End PBXNativeTarget section */

/* Begin PBXProject section */
		79CDC04125BC4A5200DE30D3 /* Project object */ = {
			isa = PBXProject;
			attributes = {
				LastSwiftUpdateCheck = 1230;
				LastUpgradeCheck = 1230;
				TargetAttributes = {
					79CDC04825BC4A5300DE30D3 = {
						CreatedOnToolsVersion = 12.3;
					};
				};
			};
			buildConfigurationList = 79CDC04425BC4A5200DE30D3 /* Build configuration list for PBXProject "newsApp" */;
			compatibilityVersion = "Xcode 9.3";
			developmentRegion = en;
			hasScannedForEncodings = 0;
			knownRegions = (
				en,
				Base,
			);
			mainGroup = 79CDC04025BC4A5200DE30D3;
			packageReferences = (
				79CDC09825BCDDC100DE30D3 /* XCRemoteSwiftPackageReference "url-image" */,
			);
			productRefGroup = 79CDC04A25BC4A5300DE30D3 /* Products */;
			projectDirPath = "";
			projectRoot = "";
			targets = (
				79CDC04825BC4A5300DE30D3 /* newsApp */,
			);
		};
/* End PBXProject section */

/* Begin PBXResourcesBuildPhase section */
		79CDC04725BC4A5300DE30D3 /* Resources */ = {
			isa = PBXResourcesBuildPhase;
			buildActionMask = 2147483647;
			files = (
				79CDC07A25BCA85300DE30D3 /* NewsResponse.json in Resources */,
				79CDC05425BC4A5900DE30D3 /* Preview Assets.xcassets in Resources */,
				79CDC05125BC4A5900DE30D3 /* Assets.xcassets in Resources */,
			);
			runOnlyForDeploymentPostprocessing = 0;
		};
/* End PBXResourcesBuildPhase section */

/* Begin PBXSourcesBuildPhase section */
		79CDC04525BC4A5300DE30D3 /* Sources */ = {
			isa = PBXSourcesBuildPhase;
			buildActionMask = 2147483647;
			files = (
				79CDC04F25BC4A5300DE30D3 /* ContentView.swift in Sources */,
				79CDC08D25BCBB0C00DE30D3 /* NewsService.swift in Sources */,
				79CDC06425BC563200DE30D3 /* NewsRow.swift in Sources */,
				79CDC06925BC5A6400DE30D3 /* NewsList.swift in Sources */,
				79CDC04D25BC4A5300DE30D3 /* newsAppApp.swift in Sources */,
				79CDC09125BCC95A00DE30D3 /* API.swift in Sources */,
				79CDC07625BC872C00DE30D3 /* NewsDetail.swift in Sources */,
			);
			runOnlyForDeploymentPostprocessing = 0;
		};
/* End PBXSourcesBuildPhase section */

/* Begin XCBuildConfiguration section */
		79CDC05625BC4A5900DE30D3 /* Debug */ = {
			isa = XCBuildConfiguration;
			buildSettings = {
				ALWAYS_SEARCH_USER_PATHS = NO;
				CLANG_ANALYZER_NONNULL = YES;
				CLANG_ANALYZER_NUMBER_OBJECT_CONVERSION = YES_AGGRESSIVE;
				CLANG_CXX_LANGUAGE_STANDARD = "gnu++14";
				CLANG_CXX_LIBRARY = "libc++";
				CLANG_ENABLE_MODULES = YES;
				CLANG_ENABLE_OBJC_ARC = YES;
				CLANG_ENABLE_OBJC_WEAK = YES;
				CLANG_WARN_BLOCK_CAPTURE_AUTORELEASING = YES;
				CLANG_WARN_BOOL_CONVERSION = YES;
				CLANG_WARN_COMMA = YES;
				CLANG_WARN_CONSTANT_CONVERSION = YES;
				CLANG_WARN_DEPRECATED_OBJC_IMPLEMENTATIONS = YES;
				CLANG_WARN_DIRECT_OBJC_ISA_USAGE = YES_ERROR;
				CLANG_WARN_DOCUMENTATION_COMMENTS = YES;
				CLANG_WARN_EMPTY_BODY = YES;
				CLANG_WARN_ENUM_CONVERSION = YES;
				CLANG_WARN_INFINITE_RECURSION = YES;
				CLANG_WARN_INT_CONVERSION = YES;
				CLANG_WARN_NON_LITERAL_NULL_CONVERSION = YES;
				CLANG_WARN_OBJC_IMPLICIT_RETAIN_SELF = YES;
				CLANG_WARN_OBJC_LITERAL_CONVERSION = YES;
				CLANG_WARN_OBJC_ROOT_CLASS = YES_ERROR;
				CLANG_WARN_QUOTED_INCLUDE_IN_FRAMEWORK_HEADER = YES;
				CLANG_WARN_RANGE_LOOP_ANALYSIS = YES;
				CLANG_WARN_STRICT_PROTOTYPES = YES;
				CLANG_WARN_SUSPICIOUS_MOVE = YES;
				CLANG_WARN_UNGUARDED_AVAILABILITY = YES_AGGRESSIVE;
				CLANG_WARN_UNREACHABLE_CODE = YES;
				CLANG_WARN__DUPLICATE_METHOD_MATCH = YES;
				COPY_PHASE_STRIP = NO;
				DEBUG_INFORMATION_FORMAT = dwarf;
				ENABLE_STRICT_OBJC_MSGSEND = YES;
				ENABLE_TESTABILITY = YES;
				GCC_C_LANGUAGE_STANDARD = gnu11;
				GCC_DYNAMIC_NO_PIC = NO;
				GCC_NO_COMMON_BLOCKS = YES;
				GCC_OPTIMIZATION_LEVEL = 0;
				GCC_PREPROCESSOR_DEFINITIONS = (
					"DEBUG=1",
					"$(inherited)",
				);
				GCC_WARN_64_TO_32_BIT_CONVERSION = YES;
				GCC_WARN_ABOUT_RETURN_TYPE = YES_ERROR;
				GCC_WARN_UNDECLARED_SELECTOR = YES;
				GCC_WARN_UNINITIALIZED_AUTOS = YES_AGGRESSIVE;
				GCC_WARN_UNUSED_FUNCTION = YES;
				GCC_WARN_UNUSED_VARIABLE = YES;
				IPHONEOS_DEPLOYMENT_TARGET = 14.3;
				MTL_ENABLE_DEBUG_INFO = INCLUDE_SOURCE;
				MTL_FAST_MATH = YES;
				ONLY_ACTIVE_ARCH = YES;
				SDKROOT = iphoneos;
				SWIFT_ACTIVE_COMPILATION_CONDITIONS = DEBUG;
				SWIFT_OPTIMIZATION_LEVEL = "-Onone";
			};
			name = Debug;
		};
		79CDC05725BC4A5900DE30D3 /* Release */ = {
			isa = XCBuildConfiguration;
			buildSettings = {
				ALWAYS_SEARCH_USER_PATHS = NO;
				CLANG_ANALYZER_NONNULL = YES;
				CLANG_ANALYZER_NUMBER_OBJECT_CONVERSION = YES_AGGRESSIVE;
				CLANG_CXX_LANGUAGE_STANDARD = "gnu++14";
				CLANG_CXX_LIBRARY = "libc++";
				CLANG_ENABLE_MODULES = YES;
				CLANG_ENABLE_OBJC_ARC = YES;
				CLANG_ENABLE_OBJC_WEAK = YES;
				CLANG_WARN_BLOCK_CAPTURE_AUTORELEASING = YES;
				CLANG_WARN_BOOL_CONVERSION = YES;
				CLANG_WARN_COMMA = YES;
				CLANG_WARN_CONSTANT_CONVERSION = YES;
				CLANG_WARN_DEPRECATED_OBJC_IMPLEMENTATIONS = YES;
				CLANG_WARN_DIRECT_OBJC_ISA_USAGE = YES_ERROR;
				CLANG_WARN_DOCUMENTATION_COMMENTS = YES;
				CLANG_WARN_EMPTY_BODY = YES;
				CLANG_WARN_ENUM_CONVERSION = YES;
				CLANG_WARN_INFINITE_RECURSION = YES;
				CLANG_WARN_INT_CONVERSION = YES;
				CLANG_WARN_NON_LITERAL_NULL_CONVERSION = YES;
				CLANG_WARN_OBJC_IMPLICIT_RETAIN_SELF = YES;
				CLANG_WARN_OBJC_LITERAL_CONVERSION = YES;
				CLANG_WARN_OBJC_ROOT_CLASS = YES_ERROR;
				CLANG_WARN_QUOTED_INCLUDE_IN_FRAMEWORK_HEADER = YES;
				CLANG_WARN_RANGE_LOOP_ANALYSIS = YES;
				CLANG_WARN_STRICT_PROTOTYPES = YES;
				CLANG_WARN_SUSPICIOUS_MOVE = YES;
				CLANG_WARN_UNGUARDED_AVAILABILITY = YES_AGGRESSIVE;
				CLANG_WARN_UNREACHABLE_CODE = YES;
				CLANG_WARN__DUPLICATE_METHOD_MATCH = YES;
				COPY_PHASE_STRIP = NO;
				DEBUG_INFORMATION_FORMAT = "dwarf-with-dsym";
				ENABLE_NS_ASSERTIONS = NO;
				ENABLE_STRICT_OBJC_MSGSEND = YES;
				GCC_C_LANGUAGE_STANDARD = gnu11;
				GCC_NO_COMMON_BLOCKS = YES;
				GCC_WARN_64_TO_32_BIT_CONVERSION = YES;
				GCC_WARN_ABOUT_RETURN_TYPE = YES_ERROR;
				GCC_WARN_UNDECLARED_SELECTOR = YES;
				GCC_WARN_UNINITIALIZED_AUTOS = YES_AGGRESSIVE;
				GCC_WARN_UNUSED_FUNCTION = YES;
				GCC_WARN_UNUSED_VARIABLE = YES;
				IPHONEOS_DEPLOYMENT_TARGET = 14.3;
				MTL_ENABLE_DEBUG_INFO = NO;
				MTL_FAST_MATH = YES;
				SDKROOT = iphoneos;
				SWIFT_COMPILATION_MODE = wholemodule;
				SWIFT_OPTIMIZATION_LEVEL = "-O";
				VALIDATE_PRODUCT = YES;
			};
			name = Release;
		};
		79CDC05925BC4A5900DE30D3 /* Debug */ = {
			isa = XCBuildConfiguration;
			buildSettings = {
				ASSETCATALOG_COMPILER_APPICON_NAME = AppIcon;
				ASSETCATALOG_COMPILER_GLOBAL_ACCENT_COLOR_NAME = AccentColor;
				CODE_SIGN_STYLE = Automatic;
				DEVELOPMENT_ASSET_PATHS = "\"newsApp/Preview Content\"";
				ENABLE_PREVIEWS = YES;
				INFOPLIST_FILE = newsApp/Info.plist;
				IPHONEOS_DEPLOYMENT_TARGET = 14.0;
				LD_RUNPATH_SEARCH_PATHS = (
					"$(inherited)",
					"@executable_path/Frameworks",
				);
				PRODUCT_BUNDLE_IDENTIFIER = com.skachok.newsApp;
				PRODUCT_NAME = "$(TARGET_NAME)";
				SWIFT_VERSION = 5.0;
				TARGETED_DEVICE_FAMILY = "1,2";
			};
			name = Debug;
		};
		79CDC05A25BC4A5900DE30D3 /* Release */ = {
			isa = XCBuildConfiguration;
			buildSettings = {
				ASSETCATALOG_COMPILER_APPICON_NAME = AppIcon;
				ASSETCATALOG_COMPILER_GLOBAL_ACCENT_COLOR_NAME = AccentColor;
				CODE_SIGN_STYLE = Automatic;
				DEVELOPMENT_ASSET_PATHS = "\"newsApp/Preview Content\"";
				ENABLE_PREVIEWS = YES;
				INFOPLIST_FILE = newsApp/Info.plist;
				IPHONEOS_DEPLOYMENT_TARGET = 14.0;
				LD_RUNPATH_SEARCH_PATHS = (
					"$(inherited)",
					"@executable_path/Frameworks",
				);
				PRODUCT_BUNDLE_IDENTIFIER = com.skachok.newsApp;
				PRODUCT_NAME = "$(TARGET_NAME)";
				SWIFT_VERSION = 5.0;
				TARGETED_DEVICE_FAMILY = "1,2";
			};
			name = Release;
		};
/* End XCBuildConfiguration section */

/* Begin XCConfigurationList section */
		79CDC04425BC4A5200DE30D3 /* Build configuration list for PBXProject "newsApp" */ = {
			isa = XCConfigurationList;
			buildConfigurations = (
				79CDC05625BC4A5900DE30D3 /* Debug */,
				79CDC05725BC4A5900DE30D3 /* Release */,
			);
			defaultConfigurationIsVisible = 0;
			defaultConfigurationName = Release;
		};
		79CDC05825BC4A5900DE30D3 /* Build configuration list for PBXNativeTarget "newsApp" */ = {
			isa = XCConfigurationList;
			buildConfigurations = (
				79CDC05925BC4A5900DE30D3 /* Debug */,
				79CDC05A25BC4A5900DE30D3 /* Release */,
			);
			defaultConfigurationIsVisible = 0;
			defaultConfigurationName = Release;
		};
/* End XCConfigurationList section */

/* Begin XCRemoteSwiftPackageReference section */
		79CDC09825BCDDC100DE30D3 /* XCRemoteSwiftPackageReference "url-image" */ = {
			isa = XCRemoteSwiftPackageReference;
			repositoryURL = "https://github.com/dmytro-anokhin/url-image";
			requirement = {
				kind = upToNextMajorVersion;
				minimumVersion = 2.2.1;
			};
		};
/* End XCRemoteSwiftPackageReference section */

/* Begin XCSwiftPackageProductDependency section */
		79CDC09925BCDDC100DE30D3 /* URLImage */ = {
			isa = XCSwiftPackageProductDependency;
			package = 79CDC09825BCDDC100DE30D3 /* XCRemoteSwiftPackageReference "url-image" */;
			productName = URLImage;
		};
/* End XCSwiftPackageProductDependency section */
	};
	rootObject = 79CDC04125BC4A5200DE30D3 /* Project object */;
}
